
Microsoft Visual Studio Solution File, Format Version 12.00
# Visual Studio Version 17
VisualStudioVersion = 17.6.33815.320
MinimumVisualStudioVersion = 10.0.40219.1
Project("{2150E333-8FDC-42A3-9474-1A3956D46DE8}") = "Solution Items", "Solution Items", "{5E417A5F-D272-4A2D-8380-BDBA198789EC}"
	ProjectSection(SolutionItems) = preProject
		FreeCouse.IdentityServer.MicroServiceProject.postman_collection.json = FreeCouse.IdentityServer.MicroServiceProject.postman_collection.json
		Microservice Project Overview.png = Microservice Project Overview.png
		Notes.txt = Notes.txt
		Ports.txt = Ports.txt
	EndProjectSection
EndProject
Project("{2150E333-8FDC-42A3-9474-1A3956D46DE8}") = "Services", "Services", "{D1638889-086E-467F-A397-1912A5B12B0B}"
EndProject
Project("{2150E333-8FDC-42A3-9474-1A3956D46DE8}") = "Catalog", "Catalog", "{E4F42FE2-0CF9-4E3E-A174-5D4CD6C955DE}"
EndProject
Project("{9A19103F-16F7-4668-BE54-9A1E7A4F7556}") = "FreeCourse.Services.Catalog", "Services\Catalog\FreeCourse.Services.Catalog\FreeCourse.Services.Catalog.csproj", "{6A8A4D32-CB7B-4489-AB28-50C3B9AC83A4}"
EndProject
Project("{2150E333-8FDC-42A3-9474-1A3956D46DE8}") = "Shared", "Shared", "{EC3EC380-5434-4935-81ED-E5469C9DB65E}"
EndProject
Project("{9A19103F-16F7-4668-BE54-9A1E7A4F7556}") = "FreeCourse.Shared", "Shared\FreeCourse.Shared\FreeCourse.Shared.csproj", "{71F2D912-A72D-4C40-95F6-F27C683E9A2B}"
EndProject
Project("{2150E333-8FDC-42A3-9474-1A3956D46DE8}") = "IdentityServer", "IdentityServer", "{7315D17A-EA2C-41DF-8866-A925039F9375}"
EndProject
Project("{9A19103F-16F7-4668-BE54-9A1E7A4F7556}") = "FreeCourse.IdentityServer", "IdentityServer\FreeCourse.IdentityServer\FreeCourse.IdentityServer.csproj", "{E26496CA-CD63-4162-9347-E7ECCE89C13F}"
EndProject
Global
	GlobalSection(SolutionConfigurationPlatforms) = preSolution
		Debug|Any CPU = Debug|Any CPU
		Release|Any CPU = Release|Any CPU
	EndGlobalSection
	GlobalSection(ProjectConfigurationPlatforms) = postSolution
		{6A8A4D32-CB7B-4489-AB28-50C3B9AC83A4}.Debug|Any CPU.ActiveCfg = Debug|Any CPU
		{6A8A4D32-CB7B-4489-AB28-50C3B9AC83A4}.Debug|Any CPU.Build.0 = Debug|Any CPU
		{6A8A4D32-CB7B-4489-AB28-50C3B9AC83A4}.Release|Any CPU.ActiveCfg = Release|Any CPU
		{6A8A4D32-CB7B-4489-AB28-50C3B9AC83A4}.Release|Any CPU.Build.0 = Release|Any CPU
		{71F2D912-A72D-4C40-95F6-F27C683E9A2B}.Debug|Any CPU.ActiveCfg = Debug|Any CPU
		{71F2D912-A72D-4C40-95F6-F27C683E9A2B}.Debug|Any CPU.Build.0 = Debug|Any CPU
		{71F2D912-A72D-4C40-95F6-F27C683E9A2B}.Release|Any CPU.ActiveCfg = Release|Any CPU
		{71F2D912-A72D-4C40-95F6-F27C683E9A2B}.Release|Any CPU.Build.0 = Release|Any CPU
		{E26496CA-CD63-4162-9347-E7ECCE89C13F}.Debug|Any CPU.ActiveCfg = Debug|Any CPU
		{E26496CA-CD63-4162-9347-E7ECCE89C13F}.Debug|Any CPU.Build.0 = Debug|Any CPU
		{E26496CA-CD63-4162-9347-E7ECCE89C13F}.Release|Any CPU.ActiveCfg = Release|Any CPU
		{E26496CA-CD63-4162-9347-E7ECCE89C13F}.Release|Any CPU.Build.0 = Release|Any CPU
	EndGlobalSection
	GlobalSection(SolutionProperties) = preSolution
		HideSolutionNode = FALSE
	EndGlobalSection
	GlobalSection(NestedProjects) = preSolution
		{D1638889-086E-467F-A397-1912A5B12B0B} = {5E417A5F-D272-4A2D-8380-BDBA198789EC}
		{E4F42FE2-0CF9-4E3E-A174-5D4CD6C955DE} = {D1638889-086E-467F-A397-1912A5B12B0B}
		{6A8A4D32-CB7B-4489-AB28-50C3B9AC83A4} = {E4F42FE2-0CF9-4E3E-A174-5D4CD6C955DE}
		{71F2D912-A72D-4C40-95F6-F27C683E9A2B} = {EC3EC380-5434-4935-81ED-E5469C9DB65E}
		{7315D17A-EA2C-41DF-8866-A925039F9375} = {5E417A5F-D272-4A2D-8380-BDBA198789EC}
		{E26496CA-CD63-4162-9347-E7ECCE89C13F} = {7315D17A-EA2C-41DF-8866-A925039F9375}
	EndGlobalSection
	GlobalSection(ExtensibilityGlobals) = postSolution
		SolutionGuid = {E528CB43-1B2C-4FA1-8CD9-14557A1D3C27}
	EndGlobalSection
EndGlobal
